
Microsoft Visual Studio Solution File, Format Version 12.00
# Visual Studio Version 16
VisualStudioVersion = 16.0.33130.400
MinimumVisualStudioVersion = 10.0.40219.1
Project("{FAE04EC0-301F-11D3-BF4B-00C04F79EFBC}") = "ConsoleAplication1", "ConsoleAplication1.csproj", "{6152BDCE-215B-4661-9BCF-9C6F445DD98D}"
EndProject
Global
	GlobalSection(SolutionConfigurationPlatforms) = preSolution
		Debug|Any CPU = Debug|Any CPU
		Release|Any CPU = Release|Any CPU
	EndGlobalSection
	GlobalSection(ProjectConfigurationPlatforms) = postSolution
		{6152BDCE-215B-4661-9BCF-9C6F445DD98D}.Debug|Any CPU.ActiveCfg = Debug|Any CPU
		{6152BDCE-215B-4661-9BCF-9C6F445DD98D}.Debug|Any CPU.Build.0 = Debug|Any CPU
		{6152BDCE-215B-4661-9BCF-9C6F445DD98D}.Release|Any CPU.ActiveCfg = Release|Any CPU
		{6152BDCE-215B-4661-9BCF-9C6F445DD98D}.Release|Any CPU.Build.0 = Release|Any CPU
	EndGlobalSection
	GlobalSection(SolutionProperties) = preSolution
		HideSolutionNode = FALSE
	EndGlobalSection
	GlobalSection(ExtensibilityGlobals) = postSolution
		SolutionGuid = {F3D36784-59C0-49B0-890F-72CC92591A1E}
	EndGlobalSection
EndGlobal
